
Microsoft Visual Studio Solution File, Format Version 12.00
# Visual Studio 15
VisualStudioVersion = 15.0.28010.2046
MinimumVisualStudioVersion = 10.0.40219.1
Project("{00D1A9C2-B5F0-4AF3-8072-F6C62B433612}") = "Projekt_zaliczeniowy", "Projekt_zaliczeniowy\Projekt_zaliczeniowy.sqlproj", "{8CD8B094-8478-4981-B576-2E558E532FDC}"
EndProject
Global
	GlobalSection(SolutionConfigurationPlatforms) = preSolution
		Debug|Any CPU = Debug|Any CPU
		Release|Any CPU = Release|Any CPU
	EndGlobalSection
	GlobalSection(ProjectConfigurationPlatforms) = postSolution
		{8CD8B094-8478-4981-B576-2E558E532FDC}.Debug|Any CPU.ActiveCfg = Debug|Any CPU
		{8CD8B094-8478-4981-B576-2E558E532FDC}.Debug|Any CPU.Build.0 = Debug|Any CPU
		{8CD8B094-8478-4981-B576-2E558E532FDC}.Debug|Any CPU.Deploy.0 = Debug|Any CPU
		{8CD8B094-8478-4981-B576-2E558E532FDC}.Release|Any CPU.ActiveCfg = Release|Any CPU
		{8CD8B094-8478-4981-B576-2E558E532FDC}.Release|Any CPU.Build.0 = Release|Any CPU
		{8CD8B094-8478-4981-B576-2E558E532FDC}.Release|Any CPU.Deploy.0 = Release|Any CPU
	EndGlobalSection
	GlobalSection(SolutionProperties) = preSolution
		HideSolutionNode = FALSE
	EndGlobalSection
	GlobalSection(ExtensibilityGlobals) = postSolution
		SolutionGuid = {8579CE9D-A760-4298-9DF9-6ACCCDF278C3}
	EndGlobalSection
EndGlobal
